{
  "name": "r-icons",
  "version": "0.0.1",
  "lockfileVersion": 2,
  "requires": true,
  "packages": {
    "": {
      "name": "r-icons",
      "version": "0.0.1",
      "devDependencies": {
        "@types/node": "^18.15.0",
        "@types/vscode": "^1.76.0"
      },
      "engines": {
        "vscode": "^1.76.0"
      }
    },
    "node_modules/@types/node": {
      "version": "18.15.0",
      "resolved": "https://registry.npmjs.org/@types/node/-/node-18.15.0.tgz",
      "integrity": "sha512-z6nr0TTEOBGkzLGmbypWOGnpSpSIBorEhC4L+4HeQ2iezKCi4f77kyslRwvHeNitymGQ+oFyIWGP96l/DPSV9w==",
      "dev": true
    },
    "node_modules/@types/vscode": {
      "version": "1.76.0",
      "resolved": "https://registry.npmjs.org/@types/vscode/-/vscode-1.76.0.tgz",
      "integrity": "sha512-CQcY3+Fe5hNewHnOEAVYj4dd1do/QHliXaknAEYSXx2KEHUzFibDZSKptCon+HPgK55xx20pR+PBJjf0MomnBA==",
      "dev": true
    }
  },
  "dependencies": {
    "@types/node": {
      "version": "18.15.0",
      "resolved": "https://registry.npmjs.org/@types/node/-/node-18.15.0.tgz",
      "integrity": "sha512-z6nr0TTEOBGkzLGmbypWOGnpSpSIBorEhC4L+4HeQ2iezKCi4f77kyslRwvHeNitymGQ+oFyIWGP96l/DPSV9w==",
      "dev": true
    },
    "@types/vscode": {
      "version": "1.76.0",
      "resolved": "https://registry.npmjs.org/@types/vscode/-/vscode-1.76.0.tgz",
      "integrity": "sha512-CQcY3+Fe5hNewHnOEAVYj4dd1do/QHliXaknAEYSXx2KEHUzFibDZSKptCon+HPgK55xx20pR+PBJjf0MomnBA==",
      "dev": true
    }
  }
}
